
Microsoft Visual Studio Solution File, Format Version 12.00
# Visual Studio Version 16
VisualStudioVersion = 16.0.29306.81
MinimumVisualStudioVersion = 10.0.40219.1
Project("{FAE04EC0-301F-11D3-BF4B-00C04F79EFBC}") = "Padaria", "Padaria\Padaria.csproj", "{390D98A4-8B48-432B-8D8F-0E38A6B21C7D}"
EndProject
Global
	GlobalSection(SolutionConfigurationPlatforms) = preSolution
		Debug|Any CPU = Debug|Any CPU
		Release|Any CPU = Release|Any CPU
	EndGlobalSection
	GlobalSection(ProjectConfigurationPlatforms) = postSolution
		{390D98A4-8B48-432B-8D8F-0E38A6B21C7D}.Debug|Any CPU.ActiveCfg = Debug|Any CPU
		{390D98A4-8B48-432B-8D8F-0E38A6B21C7D}.Debug|Any CPU.Build.0 = Debug|Any CPU
		{390D98A4-8B48-432B-8D8F-0E38A6B21C7D}.Release|Any CPU.ActiveCfg = Release|Any CPU
		{390D98A4-8B48-432B-8D8F-0E38A6B21C7D}.Release|Any CPU.Build.0 = Release|Any CPU
	EndGlobalSection
	GlobalSection(SolutionProperties) = preSolution
		HideSolutionNode = FALSE
	EndGlobalSection
	GlobalSection(ExtensibilityGlobals) = postSolution
		SolutionGuid = {E5998A50-B9C0-4D5E-9A96-E5E4B19B157E}
	EndGlobalSection
EndGlobal
